// !$*UTF8*$!
{
	archiveVersion = 1;
	classes = {
	};
	objectVersion = 51;
	objects = {

/* Begin PBXBuildFile section */
		0A04436E2379045000393652 /* ic_p_zanting@3x.png in Resources */ = {isa = PBXBuildFile; fileRef = 0A0443692379044F00393652 /* ic_p_zanting@3x.png */; };
		0A04436F2379045000393652 /* ic_p_zanting@3x.png in Resources */ = {isa = PBXBuildFile; fileRef = 0A0443692379044F00393652 /* ic_p_zanting@3x.png */; };
		0A0443702379045000393652 /* ic_p_zanting@3x.png in Resources */ = {isa = PBXBuildFile; fileRef = 0A0443692379044F00393652 /* ic_p_zanting@3x.png */; };
		0A0443712379045000393652 /* ic_p_play@2x.png in Resources */ = {isa = PBXBuildFile; fileRef = 0A04436A2379044F00393652 /* ic_p_play@2x.png */; };
		0A0443722379045000393652 /* ic_p_play@2x.png in Resources */ = {isa = PBXBuildFile; fileRef = 0A04436A2379044F00393652 /* ic_p_play@2x.png */; };
		0A0443732379045000393652 /* ic_p_play@2x.png in Resources */ = {isa = PBXBuildFile; fileRef = 0A04436A2379044F00393652 /* ic_p_play@2x.png */; };
		0A0443742379045000393652 /* ic_p_zanting@2x.png in Resources */ = {isa = PBXBuildFile; fileRef = 0A04436B2379044F00393652 /* ic_p_zanting@2x.png */; };
		0A0443752379045000393652 /* ic_p_zanting@2x.png in Resources */ = {isa = PBXBuildFile; fileRef = 0A04436B2379044F00393652 /* ic_p_zanting@2x.png */; };
		0A0443762379045000393652 /* ic_p_zanting@2x.png in Resources */ = {isa = PBXBuildFile; fileRef = 0A04436B2379044F00393652 /* ic_p_zanting@2x.png */; };
		0A0443772379045000393652 /* sousuo.png in Resources */ = {isa = PBXBuildFile; fileRef = 0A04436C2379045000393652 /* sousuo.png */; };
		0A0443782379045000393652 /* sousuo.png in Resources */ = {isa = PBXBuildFile; fileRef = 0A04436C2379045000393652 /* sousuo.png */; };
		0A0443792379045000393652 /* sousuo.png in Resources */ = {isa = PBXBuildFile; fileRef = 0A04436C2379045000393652 /* sousuo.png */; };
		0A04437A2379045000393652 /* ic_p_play@3x.png in Resources */ = {isa = PBXBuildFile; fileRef = 0A04436D2379045000393652 /* ic_p_play@3x.png */; };
		0A04437B2379045000393652 /* ic_p_play@3x.png in Resources */ = {isa = PBXBuildFile; fileRef = 0A04436D2379045000393652 /* ic_p_play@3x.png */; };
		0A04437C2379045000393652 /* ic_p_play@3x.png in Resources */ = {isa = PBXBuildFile; fileRef = 0A04436D2379045000393652 /* ic_p_play@3x.png */; };
		0A04438B2379396500393652 /* HTTPResponProtocol.swift in Sources */ = {isa = PBXBuildFile; fileRef = 0A0443882379396400393652 /* HTTPResponProtocol.swift */; };
		0A04438C2379396500393652 /* HTTPResponProtocol.swift in Sources */ = {isa = PBXBuildFile; fileRef = 0A0443882379396400393652 /* HTTPResponProtocol.swift */; };
		0A04438D2379396500393652 /* HTTPResponProtocol.swift in Sources */ = {isa = PBXBuildFile; fileRef = 0A0443882379396400393652 /* HTTPResponProtocol.swift */; };
		0A04438E2379396500393652 /* Presenter.swift in Sources */ = {isa = PBXBuildFile; fileRef = 0A0443892379396400393652 /* Presenter.swift */; };
		0A04438F2379396500393652 /* Presenter.swift in Sources */ = {isa = PBXBuildFile; fileRef = 0A0443892379396400393652 /* Presenter.swift */; };
		0A0443902379396500393652 /* Presenter.swift in Sources */ = {isa = PBXBuildFile; fileRef = 0A0443892379396400393652 /* Presenter.swift */; };
		0A0443912379396500393652 /* HTTPClient.swift in Sources */ = {isa = PBXBuildFile; fileRef = 0A04438A2379396500393652 /* HTTPClient.swift */; };
		0A0443922379396500393652 /* HTTPClient.swift in Sources */ = {isa = PBXBuildFile; fileRef = 0A04438A2379396500393652 /* HTTPClient.swift */; };
		0A0443932379396500393652 /* HTTPClient.swift in Sources */ = {isa = PBXBuildFile; fileRef = 0A04438A2379396500393652 /* HTTPClient.swift */; };
		0A04439923793D2000393652 /* MusicDelegate.swift in Sources */ = {isa = PBXBuildFile; fileRef = 0A04439823793D2000393652 /* MusicDelegate.swift */; };
		0A2BA6BE238279A3007F630E /* KeychainManager.swift in Sources */ = {isa = PBXBuildFile; fileRef = 0A2BA6BD238279A3007F630E /* KeychainManager.swift */; };
		0A2BA6C4238294B5007F630E /* ThreeMusic.xcdatamodeld in Sources */ = {isa = PBXBuildFile; fileRef = 0A2BA6C2238294B5007F630E /* ThreeMusic.xcdatamodeld */; };
		0A48336D237AC35E0094CA84 /* ICMPHeader.swift in Sources */ = {isa = PBXBuildFile; fileRef = 0A483369237AC35E0094CA84 /* ICMPHeader.swift */; };
		0A48336E237AC35E0094CA84 /* ICMPHeader.swift in Sources */ = {isa = PBXBuildFile; fileRef = 0A483369237AC35E0094CA84 /* ICMPHeader.swift */; };
		0A48336F237AC35E0094CA84 /* ICMPHeader.swift in Sources */ = {isa = PBXBuildFile; fileRef = 0A483369237AC35E0094CA84 /* ICMPHeader.swift */; };
		0A483370237AC35E0094CA84 /* Ping.swift in Sources */ = {isa = PBXBuildFile; fileRef = 0A48336A237AC35E0094CA84 /* Ping.swift */; };
		0A483371237AC35E0094CA84 /* Ping.swift in Sources */ = {isa = PBXBuildFile; fileRef = 0A48336A237AC35E0094CA84 /* Ping.swift */; };
		0A483372237AC35E0094CA84 /* Ping.swift in Sources */ = {isa = PBXBuildFile; fileRef = 0A48336A237AC35E0094CA84 /* Ping.swift */; };
		0A483373237AC35E0094CA84 /* PingResult.swift in Sources */ = {isa = PBXBuildFile; fileRef = 0A48336B237AC35E0094CA84 /* PingResult.swift */; };
		0A483374237AC35E0094CA84 /* PingResult.swift in Sources */ = {isa = PBXBuildFile; fileRef = 0A48336B237AC35E0094CA84 /* PingResult.swift */; };
		0A483375237AC35E0094CA84 /* PingResult.swift in Sources */ = {isa = PBXBuildFile; fileRef = 0A48336B237AC35E0094CA84 /* PingResult.swift */; };
		0A483376237AC35F0094CA84 /* PingManager.swift in Sources */ = {isa = PBXBuildFile; fileRef = 0A48336C237AC35E0094CA84 /* PingManager.swift */; };
		0A483377237AC35F0094CA84 /* PingManager.swift in Sources */ = {isa = PBXBuildFile; fileRef = 0A48336C237AC35E0094CA84 /* PingManager.swift */; };
		0A483378237AC35F0094CA84 /* PingManager.swift in Sources */ = {isa = PBXBuildFile; fileRef = 0A48336C237AC35E0094CA84 /* PingManager.swift */; };
		0AA6E407237E4E470081CBDC /* SerchViewController.swift in Sources */ = {isa = PBXBuildFile; fileRef = 0AA6E405237E4E470081CBDC /* SerchViewController.swift */; };
		0AA6E408237E4E470081CBDC /* SerchViewController.swift in Sources */ = {isa = PBXBuildFile; fileRef = 0AA6E405237E4E470081CBDC /* SerchViewController.swift */; };
		0AA6E409237E4E470081CBDC /* SerchViewController.swift in Sources */ = {isa = PBXBuildFile; fileRef = 0AA6E405237E4E470081CBDC /* SerchViewController.swift */; };
		0AA6E40A237E4E470081CBDC /* SerchViewController.xib in Resources */ = {isa = PBXBuildFile; fileRef = 0AA6E406237E4E470081CBDC /* SerchViewController.xib */; };
		0AA6E40B237E4E470081CBDC /* SerchViewController.xib in Resources */ = {isa = PBXBuildFile; fileRef = 0AA6E406237E4E470081CBDC /* SerchViewController.xib */; };
		0AA6E40C237E4E470081CBDC /* SerchViewController.xib in Resources */ = {isa = PBXBuildFile; fileRef = 0AA6E406237E4E470081CBDC /* SerchViewController.xib */; };
		0AEC321F2375015300159117 /* MyTableViewCell.xib in Resources */ = {isa = PBXBuildFile; fileRef = 0AEC321D2375015300159117 /* MyTableViewCell.xib */; };
		0AEC32202375015300159117 /* MyTableViewCell.swift in Sources */ = {isa = PBXBuildFile; fileRef = 0AEC321E2375015300159117 /* MyTableViewCell.swift */; };
		0AEC32342375617F00159117 /* PlayPresenter.swift in Sources */ = {isa = PBXBuildFile; fileRef = 0AEC32332375617F00159117 /* PlayPresenter.swift */; };
		0AEC323623757D7500159117 /* PlayerModel.swift in Sources */ = {isa = PBXBuildFile; fileRef = 0AEC323523757D7500159117 /* PlayerModel.swift */; };
		2AB05AC27D0EB5EC97A5EC5E /* Pods_ThreeMusic.framework in Frameworks */ = {isa = PBXBuildFile; fileRef = 0F04B8FFADE8BD4588BF1777 /* Pods_ThreeMusic.framework */; };
		BEFB1360025BAE9A098756AA /* Pods_ThreeMusicTests.framework in Frameworks */ = {isa = PBXBuildFile; fileRef = 4CEE3A2A96B2ECA7928BAC5F /* Pods_ThreeMusicTests.framework */; };
		C337905948DE7692F92AF899 /* Pods_ThreeMusic_ThreeMusicUITests.framework in Frameworks */ = {isa = PBXBuildFile; fileRef = 6EB8D8CC924319CAA053A021 /* Pods_ThreeMusic_ThreeMusicUITests.framework */; };
		D55C82B023742D2500D8C78F /* AppDelegate.swift in Sources */ = {isa = PBXBuildFile; fileRef = D55C82AF23742D2500D8C78F /* AppDelegate.swift */; };
		D55C82B223742D2500D8C78F /* SceneDelegate.swift in Sources */ = {isa = PBXBuildFile; fileRef = D55C82B123742D2500D8C78F /* SceneDelegate.swift */; };
		D55C82B423742D2500D8C78F /* ViewController.swift in Sources */ = {isa = PBXBuildFile; fileRef = D55C82B323742D2500D8C78F /* ViewController.swift */; };
		D55C82B723742D2500D8C78F /* Main.storyboard in Resources */ = {isa = PBXBuildFile; fileRef = D55C82B523742D2500D8C78F /* Main.storyboard */; };
		D55C82BC23742D2700D8C78F /* Assets.xcassets in Resources */ = {isa = PBXBuildFile; fileRef = D55C82BB23742D2700D8C78F /* Assets.xcassets */; };
		D55C82BF23742D2700D8C78F /* LaunchScreen.storyboard in Resources */ = {isa = PBXBuildFile; fileRef = D55C82BD23742D2700D8C78F /* LaunchScreen.storyboard */; };
		D55C82CA23742D2700D8C78F /* ThreeMusicTests.swift in Sources */ = {isa = PBXBuildFile; fileRef = D55C82C923742D2700D8C78F /* ThreeMusicTests.swift */; };
		D55C82D523742D2700D8C78F /* ThreeMusicUITests.swift in Sources */ = {isa = PBXBuildFile; fileRef = D55C82D423742D2700D8C78F /* ThreeMusicUITests.swift */; };
		D55C82E723742ED700D8C78F /* MusicModel.swift in Sources */ = {isa = PBXBuildFile; fileRef = D55C82E623742ED700D8C78F /* MusicModel.swift */; };
		D55C82EB2374342E00D8C78F /* MusicPresenter.swift in Sources */ = {isa = PBXBuildFile; fileRef = D55C82EA2374342E00D8C78F /* MusicPresenter.swift */; };
		D5EA6D2F237AEF0400F72A5D /* ic_xiaowei_my_logo@2x.png in Resources */ = {isa = PBXBuildFile; fileRef = D5EA6D2E237AEF0400F72A5D /* ic_xiaowei_my_logo@2x.png */; };
		D5EA6D30237AEF0400F72A5D /* ic_xiaowei_my_logo@2x.png in Resources */ = {isa = PBXBuildFile; fileRef = D5EA6D2E237AEF0400F72A5D /* ic_xiaowei_my_logo@2x.png */; };
		D5EA6D31237AEF0400F72A5D /* ic_xiaowei_my_logo@2x.png in Resources */ = {isa = PBXBuildFile; fileRef = D5EA6D2E237AEF0400F72A5D /* ic_xiaowei_my_logo@2x.png */; };
/* End PBXBuildFile section */

/* Begin PBXContainerItemProxy section */
		D55C82C623742D2700D8C78F /* PBXContainerItemProxy */ = {
			isa = PBXContainerItemProxy;
			containerPortal = D55C82A423742D2500D8C78F /* Project object */;
			proxyType = 1;
			remoteGlobalIDString = D55C82AB23742D2500D8C78F;
			remoteInfo = ThreeMusic;
		};
		D55C82D123742D2700D8C78F /* PBXContainerItemProxy */ = {
			isa = PBXContainerItemProxy;
			containerPortal = D55C82A423742D2500D8C78F /* Project object */;
			proxyType = 1;
			remoteGlobalIDString = D55C82AB23742D2500D8C78F;
			remoteInfo = ThreeMusic;
		};
/* End PBXContainerItemProxy section */

/* Begin PBXFileReference section */
		0A0443692379044F00393652 /* ic_p_zanting@3x.png */ = {isa = PBXFileReference; lastKnownFileType = image.png; path = "ic_p_zanting@3x.png"; sourceTree = "<group>"; };
		0A04436A2379044F00393652 /* ic_p_play@2x.png */ = {isa = PBXFileReference; lastKnownFileType = image.png; path = "ic_p_play@2x.png"; sourceTree = "<group>"; };
		0A04436B2379044F00393652 /* ic_p_zanting@2x.png */ = {isa = PBXFileReference; lastKnownFileType = image.png; path = "ic_p_zanting@2x.png"; sourceTree = "<group>"; };
		0A04436C2379045000393652 /* sousuo.png */ = {isa = PBXFileReference; lastKnownFileType = image.png; path = sousuo.png; sourceTree = "<group>"; };
		0A04436D2379045000393652 /* ic_p_play@3x.png */ = {isa = PBXFileReference; lastKnownFileType = image.png; path = "ic_p_play@3x.png"; sourceTree = "<group>"; };
		0A0443882379396400393652 /* HTTPResponProtocol.swift */ = {isa = PBXFileReference; fileEncoding = 4; lastKnownFileType = sourcecode.swift; path = HTTPResponProtocol.swift; sourceTree = "<group>"; };
		0A0443892379396400393652 /* Presenter.swift */ = {isa = PBXFileReference; fileEncoding = 4; lastKnownFileType = sourcecode.swift; path = Presenter.swift; sourceTree = "<group>"; };
		0A04438A2379396500393652 /* HTTPClient.swift */ = {isa = PBXFileReference; fileEncoding = 4; lastKnownFileType = sourcecode.swift; path = HTTPClient.swift; sourceTree = "<group>"; };
		0A04439823793D2000393652 /* MusicDelegate.swift */ = {isa = PBXFileReference; fileEncoding = 4; lastKnownFileType = sourcecode.swift; path = MusicDelegate.swift; sourceTree = "<group>"; };
		0A2BA6BD238279A3007F630E /* KeychainManager.swift */ = {isa = PBXFileReference; lastKnownFileType = sourcecode.swift; path = KeychainManager.swift; sourceTree = "<group>"; };
		0A2BA6C3238294B5007F630E /* ThreeMusic.xcdatamodel */ = {isa = PBXFileReference; lastKnownFileType = wrapper.xcdatamodel; path = ThreeMusic.xcdatamodel; sourceTree = "<group>"; };
		0A483369237AC35E0094CA84 /* ICMPHeader.swift */ = {isa = PBXFileReference; fileEncoding = 4; lastKnownFileType = sourcecode.swift; path = ICMPHeader.swift; sourceTree = "<group>"; };
		0A48336A237AC35E0094CA84 /* Ping.swift */ = {isa = PBXFileReference; fileEncoding = 4; lastKnownFileType = sourcecode.swift; path = Ping.swift; sourceTree = "<group>"; };
		0A48336B237AC35E0094CA84 /* PingResult.swift */ = {isa = PBXFileReference; fileEncoding = 4; lastKnownFileType = sourcecode.swift; path = PingResult.swift; sourceTree = "<group>"; };
		0A48336C237AC35E0094CA84 /* PingManager.swift */ = {isa = PBXFileReference; fileEncoding = 4; lastKnownFileType = sourcecode.swift; path = PingManager.swift; sourceTree = "<group>"; };
		0AA6E405237E4E470081CBDC /* SerchViewController.swift */ = {isa = PBXFileReference; lastKnownFileType = sourcecode.swift; path = SerchViewController.swift; sourceTree = "<group>"; };
		0AA6E406237E4E470081CBDC /* SerchViewController.xib */ = {isa = PBXFileReference; lastKnownFileType = file.xib; path = SerchViewController.xib; sourceTree = "<group>"; };
		0AEC321D2375015300159117 /* MyTableViewCell.xib */ = {isa = PBXFileReference; fileEncoding = 4; lastKnownFileType = file.xib; path = MyTableViewCell.xib; sourceTree = "<group>"; };
		0AEC321E2375015300159117 /* MyTableViewCell.swift */ = {isa = PBXFileReference; fileEncoding = 4; lastKnownFileType = sourcecode.swift; path = MyTableViewCell.swift; sourceTree = "<group>"; };
		0AEC32332375617F00159117 /* PlayPresenter.swift */ = {isa = PBXFileReference; lastKnownFileType = sourcecode.swift; path = PlayPresenter.swift; sourceTree = "<group>"; };
		0AEC323523757D7500159117 /* PlayerModel.swift */ = {isa = PBXFileReference; lastKnownFileType = sourcecode.swift; path = PlayerModel.swift; sourceTree = "<group>"; };
		0F04B8FFADE8BD4588BF1777 /* Pods_ThreeMusic.framework */ = {isa = PBXFileReference; explicitFileType = wrapper.framework; includeInIndex = 0; path = Pods_ThreeMusic.framework; sourceTree = BUILT_PRODUCTS_DIR; };
		14E60ADA15EC99204CD22684 /* Pods-ThreeMusic-ThreeMusicUITests.debug.xcconfig */ = {isa = PBXFileReference; includeInIndex = 1; lastKnownFileType = text.xcconfig; name = "Pods-ThreeMusic-ThreeMusicUITests.debug.xcconfig"; path = "Target Support Files/Pods-ThreeMusic-ThreeMusicUITests/Pods-ThreeMusic-ThreeMusicUITests.debug.xcconfig"; sourceTree = "<group>"; };
		2A28231633FAC6FF7370EDA5 /* Pods-ThreeMusicTests.release.xcconfig */ = {isa = PBXFileReference; includeInIndex = 1; lastKnownFileType = text.xcconfig; name = "Pods-ThreeMusicTests.release.xcconfig"; path = "Target Support Files/Pods-ThreeMusicTests/Pods-ThreeMusicTests.release.xcconfig"; sourceTree = "<group>"; };
		4CEE3A2A96B2ECA7928BAC5F /* Pods_ThreeMusicTests.framework */ = {isa = PBXFileReference; explicitFileType = wrapper.framework; includeInIndex = 0; path = Pods_ThreeMusicTests.framework; sourceTree = BUILT_PRODUCTS_DIR; };
		62825E5F3C6F5290E53AED10 /* Pods-ThreeMusic.release.xcconfig */ = {isa = PBXFileReference; includeInIndex = 1; lastKnownFileType = text.xcconfig; name = "Pods-ThreeMusic.release.xcconfig"; path = "Target Support Files/Pods-ThreeMusic/Pods-ThreeMusic.release.xcconfig"; sourceTree = "<group>"; };
		6EB8D8CC924319CAA053A021 /* Pods_ThreeMusic_ThreeMusicUITests.framework */ = {isa = PBXFileReference; explicitFileType = wrapper.framework; includeInIndex = 0; path = Pods_ThreeMusic_ThreeMusicUITests.framework; sourceTree = BUILT_PRODUCTS_DIR; };
		9795E6210ADD577A48AB154F /* Pods-ThreeMusic-ThreeMusicUITests.release.xcconfig */ = {isa = PBXFileReference; includeInIndex = 1; lastKnownFileType = text.xcconfig; name = "Pods-ThreeMusic-ThreeMusicUITests.release.xcconfig"; path = "Target Support Files/Pods-ThreeMusic-ThreeMusicUITests/Pods-ThreeMusic-ThreeMusicUITests.release.xcconfig"; sourceTree = "<group>"; };
		A0316D6C50AD77E3A836A35C /* Pods-ThreeMusic.debug.xcconfig */ = {isa = PBXFileReference; includeInIndex = 1; lastKnownFileType = text.xcconfig; name = "Pods-ThreeMusic.debug.xcconfig"; path = "Target Support Files/Pods-ThreeMusic/Pods-ThreeMusic.debug.xcconfig"; sourceTree = "<group>"; };
		B4FCDFE0DE08F91D7BBBFDA2 /* Pods-ThreeMusicTests.debug.xcconfig */ = {isa = PBXFileReference; includeInIndex = 1; lastKnownFileType = text.xcconfig; name = "Pods-ThreeMusicTests.debug.xcconfig"; path = "Target Support Files/Pods-ThreeMusicTests/Pods-ThreeMusicTests.debug.xcconfig"; sourceTree = "<group>"; };
		D55C82AC23742D2500D8C78F /* ThreeMusic.app */ = {isa = PBXFileReference; explicitFileType = wrapper.application; includeInIndex = 0; path = ThreeMusic.app; sourceTree = BUILT_PRODUCTS_DIR; };
		D55C82AF23742D2500D8C78F /* AppDelegate.swift */ = {isa = PBXFileReference; lastKnownFileType = sourcecode.swift; path = AppDelegate.swift; sourceTree = "<group>"; };
		D55C82B123742D2500D8C78F /* SceneDelegate.swift */ = {isa = PBXFileReference; lastKnownFileType = sourcecode.swift; path = SceneDelegate.swift; sourceTree = "<group>"; };
		D55C82B323742D2500D8C78F /* ViewController.swift */ = {isa = PBXFileReference; lastKnownFileType = sourcecode.swift; path = ViewController.swift; sourceTree = "<group>"; };
		D55C82B623742D2500D8C78F /* Base */ = {isa = PBXFileReference; lastKnownFileType = file.storyboard; name = Base; path = Base.lproj/Main.storyboard; sourceTree = "<group>"; };
		D55C82BB23742D2700D8C78F /* Assets.xcassets */ = {isa = PBXFileReference; lastKnownFileType = folder.assetcatalog; path = Assets.xcassets; sourceTree = "<group>"; };
		D55C82BE23742D2700D8C78F /* Base */ = {isa = PBXFileReference; lastKnownFileType = file.storyboard; name = Base; path = Base.lproj/LaunchScreen.storyboard; sourceTree = "<group>"; };
		D55C82C023742D2700D8C78F /* Info.plist */ = {isa = PBXFileReference; lastKnownFileType = text.plist.xml; path = Info.plist; sourceTree = "<group>"; };
		D55C82C523742D2700D8C78F /* ThreeMusicTests.xctest */ = {isa = PBXFileReference; explicitFileType = wrapper.cfbundle; includeInIndex = 0; path = ThreeMusicTests.xctest; sourceTree = BUILT_PRODUCTS_DIR; };
		D55C82C923742D2700D8C78F /* ThreeMusicTests.swift */ = {isa = PBXFileReference; lastKnownFileType = sourcecode.swift; path = ThreeMusicTests.swift; sourceTree = "<group>"; };
		D55C82CB23742D2700D8C78F /* Info.plist */ = {isa = PBXFileReference; lastKnownFileType = text.plist.xml; path = Info.plist; sourceTree = "<group>"; };
		D55C82D023742D2700D8C78F /* ThreeMusicUITests.xctest */ = {isa = PBXFileReference; explicitFileType = wrapper.cfbundle; includeInIndex = 0; path = ThreeMusicUITests.xctest; sourceTree = BUILT_PRODUCTS_DIR; };
		D55C82D423742D2700D8C78F /* ThreeMusicUITests.swift */ = {isa = PBXFileReference; lastKnownFileType = sourcecode.swift; path = ThreeMusicUITests.swift; sourceTree = "<group>"; };
		D55C82D623742D2700D8C78F /* Info.plist */ = {isa = PBXFileReference; lastKnownFileType = text.plist.xml; path = Info.plist; sourceTree = "<group>"; };
		D55C82E623742ED700D8C78F /* MusicModel.swift */ = {isa = PBXFileReference; lastKnownFileType = sourcecode.swift; path = MusicModel.swift; sourceTree = "<group>"; };
		D55C82EA2374342E00D8C78F /* MusicPresenter.swift */ = {isa = PBXFileReference; lastKnownFileType = sourcecode.swift; path = MusicPresenter.swift; sourceTree = "<group>"; };
		D5EA6D2E237AEF0400F72A5D /* ic_xiaowei_my_logo@2x.png */ = {isa = PBXFileReference; lastKnownFileType = image.png; path = "ic_xiaowei_my_logo@2x.png"; sourceTree = "<group>"; };
/* End PBXFileReference section */

/* Begin PBXFrameworksBuildPhase section */
		D55C82A923742D2500D8C78F /* Frameworks */ = {
			isa = PBXFrameworksBuildPhase;
			buildActionMask = 2147483647;
			files = (
				2AB05AC27D0EB5EC97A5EC5E /* Pods_ThreeMusic.framework in Frameworks */,
			);
			runOnlyForDeploymentPostprocessing = 0;
		};
		D55C82C223742D2700D8C78F /* Frameworks */ = {
			isa = PBXFrameworksBuildPhase;
			buildActionMask = 2147483647;
			files = (
				BEFB1360025BAE9A098756AA /* Pods_ThreeMusicTests.framework in Frameworks */,
			);
			runOnlyForDeploymentPostprocessing = 0;
		};
		D55C82CD23742D2700D8C78F /* Frameworks */ = {
			isa = PBXFrameworksBuildPhase;
			buildActionMask = 2147483647;
			files = (
				C337905948DE7692F92AF899 /* Pods_ThreeMusic_ThreeMusicUITests.framework in Frameworks */,
			);
			runOnlyForDeploymentPostprocessing = 0;
		};
/* End PBXFrameworksBuildPhase section */

/* Begin PBXGroup section */
		0A04437D2379045200393652 /* Source */ = {
			isa = PBXGroup;
			children = (
				0A04436A2379044F00393652 /* ic_p_play@2x.png */,
				0A04436D2379045000393652 /* ic_p_play@3x.png */,
				0A04436B2379044F00393652 /* ic_p_zanting@2x.png */,
				D5EA6D2E237AEF0400F72A5D /* ic_xiaowei_my_logo@2x.png */,
				0A0443692379044F00393652 /* ic_p_zanting@3x.png */,
				0A04436C2379045000393652 /* sousuo.png */,
			);
			path = Source;
			sourceTree = "<group>";
		};
		0A04437E2379380000393652 /* Http */ = {
			isa = PBXGroup;
			children = (
				0A04438A2379396500393652 /* HTTPClient.swift */,
				0A0443882379396400393652 /* HTTPResponProtocol.swift */,
				0A0443892379396400393652 /* Presenter.swift */,
			);
			path = Http;
			sourceTree = "<group>";
		};
		0A044384237938A100393652 /* Music */ = {
			isa = PBXGroup;
			children = (
				0A044395237939C000393652 /* Presenter */,
				0A044396237939E300393652 /* View */,
				0A044385237938B200393652 /* model */,
			);
			path = Music;
			sourceTree = "<group>";
		};
		0A044385237938B200393652 /* model */ = {
			isa = PBXGroup;
			children = (
				0A04439823793D2000393652 /* MusicDelegate.swift */,
				D55C82E623742ED700D8C78F /* MusicModel.swift */,
			);
			path = model;
			sourceTree = "<group>";
		};
		0A044395237939C000393652 /* Presenter */ = {
			isa = PBXGroup;
			children = (
				D55C82EA2374342E00D8C78F /* MusicPresenter.swift */,
			);
			path = Presenter;
			sourceTree = "<group>";
		};
		0A044396237939E300393652 /* View */ = {
			isa = PBXGroup;
			children = (
				0AEC321E2375015300159117 /* MyTableViewCell.swift */,
				0AEC321D2375015300159117 /* MyTableViewCell.xib */,
				D55C82B323742D2500D8C78F /* ViewController.swift */,
			);
			path = View;
			sourceTree = "<group>";
		};
		0A04439723793A5400393652 /* PlayView */ = {
			isa = PBXGroup;
			children = (
				0AEC32332375617F00159117 /* PlayPresenter.swift */,
			);
			path = PlayView;
			sourceTree = "<group>";
		};
		0A04439C23793DE600393652 /* Player */ = {
			isa = PBXGroup;
			children = (
				0AEC323523757D7500159117 /* PlayerModel.swift */,
			);
			path = Player;
			sourceTree = "<group>";
		};
		0A483368237AC3510094CA84 /* PingManager */ = {
			isa = PBXGroup;
			children = (
				0A483369237AC35E0094CA84 /* ICMPHeader.swift */,
				0A48336A237AC35E0094CA84 /* Ping.swift */,
				0A48336C237AC35E0094CA84 /* PingManager.swift */,
				0A48336B237AC35E0094CA84 /* PingResult.swift */,
			);
			path = PingManager;
			sourceTree = "<group>";
		};
		2FE1C29DA28F0C0626476F42 /* Frameworks */ = {
			isa = PBXGroup;
			children = (
				0F04B8FFADE8BD4588BF1777 /* Pods_ThreeMusic.framework */,
				6EB8D8CC924319CAA053A021 /* Pods_ThreeMusic_ThreeMusicUITests.framework */,
				4CEE3A2A96B2ECA7928BAC5F /* Pods_ThreeMusicTests.framework */,
			);
			name = Frameworks;
			sourceTree = "<group>";
		};
		4F5340AF782E6F2A37D7518E /* Pods */ = {
			isa = PBXGroup;
			children = (
				A0316D6C50AD77E3A836A35C /* Pods-ThreeMusic.debug.xcconfig */,
				62825E5F3C6F5290E53AED10 /* Pods-ThreeMusic.release.xcconfig */,
				14E60ADA15EC99204CD22684 /* Pods-ThreeMusic-ThreeMusicUITests.debug.xcconfig */,
				9795E6210ADD577A48AB154F /* Pods-ThreeMusic-ThreeMusicUITests.release.xcconfig */,
				B4FCDFE0DE08F91D7BBBFDA2 /* Pods-ThreeMusicTests.debug.xcconfig */,
				2A28231633FAC6FF7370EDA5 /* Pods-ThreeMusicTests.release.xcconfig */,
			);
			path = Pods;
			sourceTree = "<group>";
		};
		D55C82A323742D2500D8C78F = {
			isa = PBXGroup;
			children = (
				D55C82AE23742D2500D8C78F /* ThreeMusic */,
				D55C82C823742D2700D8C78F /* ThreeMusicTests */,
				D55C82D323742D2700D8C78F /* ThreeMusicUITests */,
				D55C82AD23742D2500D8C78F /* Products */,
				4F5340AF782E6F2A37D7518E /* Pods */,
				2FE1C29DA28F0C0626476F42 /* Frameworks */,
			);
			sourceTree = "<group>";
		};
		D55C82AD23742D2500D8C78F /* Products */ = {
			isa = PBXGroup;
			children = (
				D55C82AC23742D2500D8C78F /* ThreeMusic.app */,
				D55C82C523742D2700D8C78F /* ThreeMusicTests.xctest */,
				D55C82D023742D2700D8C78F /* ThreeMusicUITests.xctest */,
			);
			name = Products;
			sourceTree = "<group>";
		};
		D55C82AE23742D2500D8C78F /* ThreeMusic */ = {
			isa = PBXGroup;
			children = (
				0A2BA6C2238294B5007F630E /* ThreeMusic.xcdatamodeld */,
				0A483368237AC3510094CA84 /* PingManager */,
				D55C82AF23742D2500D8C78F /* AppDelegate.swift */,
				D55C82B123742D2500D8C78F /* SceneDelegate.swift */,
				0A04437D2379045200393652 /* Source */,
				0A044384237938A100393652 /* Music */,
				0A04437E2379380000393652 /* Http */,
				0A04439C23793DE600393652 /* Player */,
				0A04439723793A5400393652 /* PlayView */,
				D55C82B523742D2500D8C78F /* Main.storyboard */,
				0AA6E406237E4E470081CBDC /* SerchViewController.xib */,
				D55C82BB23742D2700D8C78F /* Assets.xcassets */,
				D55C82BD23742D2700D8C78F /* LaunchScreen.storyboard */,
				0AA6E405237E4E470081CBDC /* SerchViewController.swift */,
				0A2BA6BD238279A3007F630E /* KeychainManager.swift */,
				D55C82C023742D2700D8C78F /* Info.plist */,
			);
			path = ThreeMusic;
			sourceTree = "<group>";
		};
		D55C82C823742D2700D8C78F /* ThreeMusicTests */ = {
			isa = PBXGroup;
			children = (
				D55C82C923742D2700D8C78F /* ThreeMusicTests.swift */,
				D55C82CB23742D2700D8C78F /* Info.plist */,
			);
			path = ThreeMusicTests;
			sourceTree = "<group>";
		};
		D55C82D323742D2700D8C78F /* ThreeMusicUITests */ = {
			isa = PBXGroup;
			children = (
				D55C82D423742D2700D8C78F /* ThreeMusicUITests.swift */,
				D55C82D623742D2700D8C78F /* Info.plist */,
			);
			path = ThreeMusicUITests;
			sourceTree = "<group>";
		};
/* End PBXGroup section */

/* Begin PBXNativeTarget section */
		D55C82AB23742D2500D8C78F /* ThreeMusic */ = {
			isa = PBXNativeTarget;
			buildConfigurationList = D55C82D923742D2700D8C78F /* Build configuration list for PBXNativeTarget "ThreeMusic" */;
			buildPhases = (
				6F90E6D69E85C59EF92B3FC3 /* [CP] Check Pods Manifest.lock */,
				D55C82A823742D2500D8C78F /* Sources */,
				D55C82A923742D2500D8C78F /* Frameworks */,
				D55C82AA23742D2500D8C78F /* Resources */,
				125BEF6C841F51ABBD9BE9B3 /* [CP] Embed Pods Frameworks */,
			);
			buildRules = (
			);
			dependencies = (
			);
			name = ThreeMusic;
			productName = ThreeMusic;
			productReference = D55C82AC23742D2500D8C78F /* ThreeMusic.app */;
			productType = "com.apple.product-type.application";
		};
		D55C82C423742D2700D8C78F /* ThreeMusicTests */ = {
			isa = PBXNativeTarget;
			buildConfigurationList = D55C82DC23742D2700D8C78F /* Build configuration list for PBXNativeTarget "ThreeMusicTests" */;
			buildPhases = (
				ACB333A843F770A243FC70F0 /* [CP] Check Pods Manifest.lock */,
				D55C82C123742D2700D8C78F /* Sources */,
				D55C82C223742D2700D8C78F /* Frameworks */,
				D55C82C323742D2700D8C78F /* Resources */,
				4FD2E4F4D51F0CA323684E41 /* [CP] Embed Pods Frameworks */,
			);
			buildRules = (
			);
			dependencies = (
				D55C82C723742D2700D8C78F /* PBXTargetDependency */,
			);
			name = ThreeMusicTests;
			productName = ThreeMusicTests;
			productReference = D55C82C523742D2700D8C78F /* ThreeMusicTests.xctest */;
			productType = "com.apple.product-type.bundle.unit-test";
		};
		D55C82CF23742D2700D8C78F /* ThreeMusicUITests */ = {
			isa = PBXNativeTarget;
			buildConfigurationList = D55C82DF23742D2700D8C78F /* Build configuration list for PBXNativeTarget "ThreeMusicUITests" */;
			buildPhases = (
				86FAA582EBF7E8D4488FBB45 /* [CP] Check Pods Manifest.lock */,
				D55C82CC23742D2700D8C78F /* Sources */,
				D55C82CD23742D2700D8C78F /* Frameworks */,
				D55C82CE23742D2700D8C78F /* Resources */,
				266FBE5D9197EE58D2B7F639 /* [CP] Embed Pods Frameworks */,
			);
			buildRules = (
			);
			dependencies = (
				D55C82D223742D2700D8C78F /* PBXTargetDependency */,
			);
			name = ThreeMusicUITests;
			productName = ThreeMusicUITests;
			productReference = D55C82D023742D2700D8C78F /* ThreeMusicUITests.xctest */;
			productType = "com.apple.product-type.bundle.ui-testing";
		};
/* End PBXNativeTarget section */

/* Begin PBXProject section */
		D55C82A423742D2500D8C78F /* Project object */ = {
			isa = PBXProject;
			attributes = {
				LastSwiftUpdateCheck = 1110;
				LastUpgradeCheck = 1110;
				ORGANIZATIONNAME = MvpProject;
				TargetAttributes = {
					D55C82AB23742D2500D8C78F = {
						CreatedOnToolsVersion = 11.1;
					};
					D55C82C423742D2700D8C78F = {
						CreatedOnToolsVersion = 11.1;
						TestTargetID = D55C82AB23742D2500D8C78F;
					};
					D55C82CF23742D2700D8C78F = {
						CreatedOnToolsVersion = 11.1;
						TestTargetID = D55C82AB23742D2500D8C78F;
					};
				};
			};
			buildConfigurationList = D55C82A723742D2500D8C78F /* Build configuration list for PBXProject "ThreeMusic" */;
			compatibilityVersion = "Xcode 9.3";
			developmentRegion = en;
			hasScannedForEncodings = 0;
			knownRegions = (
				en,
				Base,
			);
			mainGroup = D55C82A323742D2500D8C78F;
			productRefGroup = D55C82AD23742D2500D8C78F /* Products */;
			projectDirPath = "";
			projectRoot = "";
			targets = (
				D55C82AB23742D2500D8C78F /* ThreeMusic */,
				D55C82C423742D2700D8C78F /* ThreeMusicTests */,
				D55C82CF23742D2700D8C78F /* ThreeMusicUITests */,
			);
		};
/* End PBXProject section */

/* Begin PBXResourcesBuildPhase section */
		D55C82AA23742D2500D8C78F /* Resources */ = {
			isa = PBXResourcesBuildPhase;
			buildActionMask = 2147483647;
			files = (
				0A04437A2379045000393652 /* ic_p_play@3x.png in Resources */,
				D55C82BF23742D2700D8C78F /* LaunchScreen.storyboard in Resources */,
				0A04436E2379045000393652 /* ic_p_zanting@3x.png in Resources */,
				0AEC321F2375015300159117 /* MyTableViewCell.xib in Resources */,
				0A0443772379045000393652 /* sousuo.png in Resources */,
				0AA6E40A237E4E470081CBDC /* SerchViewController.xib in Resources */,
				0A0443712379045000393652 /* ic_p_play@2x.png in Resources */,
				D5EA6D2F237AEF0400F72A5D /* ic_xiaowei_my_logo@2x.png in Resources */,
				D55C82BC23742D2700D8C78F /* Assets.xcassets in Resources */,
				0A0443742379045000393652 /* ic_p_zanting@2x.png in Resources */,
				D55C82B723742D2500D8C78F /* Main.storyboard in Resources */,
			);
			runOnlyForDeploymentPostprocessing = 0;
		};
		D55C82C323742D2700D8C78F /* Resources */ = {
			isa = PBXResourcesBuildPhase;
			buildActionMask = 2147483647;
			files = (
				D5EA6D30237AEF0400F72A5D /* ic_xiaowei_my_logo@2x.png in Resources */,
				0A04437B2379045000393652 /* ic_p_play@3x.png in Resources */,
				0AA6E40B237E4E470081CBDC /* SerchViewController.xib in Resources */,
				0A04436F2379045000393652 /* ic_p_zanting@3x.png in Resources */,
				0A0443752379045000393652 /* ic_p_zanting@2x.png in Resources */,
				0A0443722379045000393652 /* ic_p_play@2x.png in Resources */,
				0A0443782379045000393652 /* sousuo.png in Resources */,
			);
			runOnlyForDeploymentPostprocessing = 0;
		};
		D55C82CE23742D2700D8C78F /* Resources */ = {
			isa = PBXResourcesBuildPhase;
			buildActionMask = 2147483647;
			files = (
				D5EA6D31237AEF0400F72A5D /* ic_xiaowei_my_logo@2x.png in Resources */,
				0A04437C2379045000393652 /* ic_p_play@3x.png in Resources */,
				0AA6E40C237E4E470081CBDC /* SerchViewController.xib in Resources */,
				0A0443702379045000393652 /* ic_p_zanting@3x.png in Resources */,
				0A0443762379045000393652 /* ic_p_zanting@2x.png in Resources */,
				0A0443732379045000393652 /* ic_p_play@2x.png in Resources */,
				0A0443792379045000393652 /* sousuo.png in Resources */,
			);
			runOnlyForDeploymentPostprocessing = 0;
		};
/* End PBXResourcesBuildPhase section */

/* Begin PBXShellScriptBuildPhase section */
		125BEF6C841F51ABBD9BE9B3 /* [CP] Embed Pods Frameworks */ = {
			isa = PBXShellScriptBuildPhase;
			buildActionMask = 2147483647;
			files = (
			);
			inputFileListPaths = (
				"${PODS_ROOT}/Target Support Files/Pods-ThreeMusic/Pods-ThreeMusic-frameworks-${CONFIGURATION}-input-files.xcfilelist",
			);
			name = "[CP] Embed Pods Frameworks";
			outputFileListPaths = (
				"${PODS_ROOT}/Target Support Files/Pods-ThreeMusic/Pods-ThreeMusic-frameworks-${CONFIGURATION}-output-files.xcfilelist",
			);
			runOnlyForDeploymentPostprocessing = 0;
			shellPath = /bin/sh;
			shellScript = "\"${PODS_ROOT}/Target Support Files/Pods-ThreeMusic/Pods-ThreeMusic-frameworks.sh\"\n";
			showEnvVarsInLog = 0;
		};
		266FBE5D9197EE58D2B7F639 /* [CP] Embed Pods Frameworks */ = {
			isa = PBXShellScriptBuildPhase;
			buildActionMask = 2147483647;
			files = (
			);
			inputFileListPaths = (
				"${PODS_ROOT}/Target Support Files/Pods-ThreeMusic-ThreeMusicUITests/Pods-ThreeMusic-ThreeMusicUITests-frameworks-${CONFIGURATION}-input-files.xcfilelist",
			);
			name = "[CP] Embed Pods Frameworks";
			outputFileListPaths = (
				"${PODS_ROOT}/Target Support Files/Pods-ThreeMusic-ThreeMusicUITests/Pods-ThreeMusic-ThreeMusicUITests-frameworks-${CONFIGURATION}-output-files.xcfilelist",
			);
			runOnlyForDeploymentPostprocessing = 0;
			shellPath = /bin/sh;
			shellScript = "\"${PODS_ROOT}/Target Support Files/Pods-ThreeMusic-ThreeMusicUITests/Pods-ThreeMusic-ThreeMusicUITests-frameworks.sh\"\n";
			showEnvVarsInLog = 0;
		};
		4FD2E4F4D51F0CA323684E41 /* [CP] Embed Pods Frameworks */ = {
			isa = PBXShellScriptBuildPhase;
			buildActionMask = 2147483647;
			files = (
			);
			inputFileListPaths = (
				"${PODS_ROOT}/Target Support Files/Pods-ThreeMusicTests/Pods-ThreeMusicTests-frameworks-${CONFIGURATION}-input-files.xcfilelist",
			);
			name = "[CP] Embed Pods Frameworks";
			outputFileListPaths = (
				"${PODS_ROOT}/Target Support Files/Pods-ThreeMusicTests/Pods-ThreeMusicTests-frameworks-${CONFIGURATION}-output-files.xcfilelist",
			);
			runOnlyForDeploymentPostprocessing = 0;
			shellPath = /bin/sh;
			shellScript = "\"${PODS_ROOT}/Target Support Files/Pods-ThreeMusicTests/Pods-ThreeMusicTests-frameworks.sh\"\n";
			showEnvVarsInLog = 0;
		};
		6F90E6D69E85C59EF92B3FC3 /* [CP] Check Pods Manifest.lock */ = {
			isa = PBXShellScriptBuildPhase;
			buildActionMask = 2147483647;
			files = (
			);
			inputFileListPaths = (
			);
			inputPaths = (
				"${PODS_PODFILE_DIR_PATH}/Podfile.lock",
				"${PODS_ROOT}/Manifest.lock",
			);
			name = "[CP] Check Pods Manifest.lock";
			outputFileListPaths = (
			);
			outputPaths = (
				"$(DERIVED_FILE_DIR)/Pods-ThreeMusic-checkManifestLockResult.txt",
			);
			runOnlyForDeploymentPostprocessing = 0;
			shellPath = /bin/sh;
			shellScript = "diff \"${PODS_PODFILE_DIR_PATH}/Podfile.lock\" \"${PODS_ROOT}/Manifest.lock\" > /dev/null\nif [ $? != 0 ] ; then\n    # print error to STDERR\n    echo \"error: The sandbox is not in sync with the Podfile.lock. Run 'pod install' or update your CocoaPods installation.\" >&2\n    exit 1\nfi\n# This output is used by Xcode 'outputs' to avoid re-running this script phase.\necho \"SUCCESS\" > \"${SCRIPT_OUTPUT_FILE_0}\"\n";
			showEnvVarsInLog = 0;
		};
		86FAA582EBF7E8D4488FBB45 /* [CP] Check Pods Manifest.lock */ = {
			isa = PBXShellScriptBuildPhase;
			buildActionMask = 2147483647;
			files = (
			);
			inputFileListPaths = (
			);
			inputPaths = (
				"${PODS_PODFILE_DIR_PATH}/Podfile.lock",
				"${PODS_ROOT}/Manifest.lock",
			);
			name = "[CP] Check Pods Manifest.lock";
			outputFileListPaths = (
			);
			outputPaths = (
				"$(DERIVED_FILE_DIR)/Pods-ThreeMusic-ThreeMusicUITests-checkManifestLockResult.txt",
			);
			runOnlyForDeploymentPostprocessing = 0;
			shellPath = /bin/sh;
			shellScript = "diff \"${PODS_PODFILE_DIR_PATH}/Podfile.lock\" \"${PODS_ROOT}/Manifest.lock\" > /dev/null\nif [ $? != 0 ] ; then\n    # print error to STDERR\n    echo \"error: The sandbox is not in sync with the Podfile.lock. Run 'pod install' or update your CocoaPods installation.\" >&2\n    exit 1\nfi\n# This output is used by Xcode 'outputs' to avoid re-running this script phase.\necho \"SUCCESS\" > \"${SCRIPT_OUTPUT_FILE_0}\"\n";
			showEnvVarsInLog = 0;
		};
		ACB333A843F770A243FC70F0 /* [CP] Check Pods Manifest.lock */ = {
			isa = PBXShellScriptBuildPhase;
			buildActionMask = 2147483647;
			files = (
			);
			inputFileListPaths = (
			);
			inputPaths = (
				"${PODS_PODFILE_DIR_PATH}/Podfile.lock",
				"${PODS_ROOT}/Manifest.lock",
			);
			name = "[CP] Check Pods Manifest.lock";
			outputFileListPaths = (
			);
			outputPaths = (
				"$(DERIVED_FILE_DIR)/Pods-ThreeMusicTests-checkManifestLockResult.txt",
			);
			runOnlyForDeploymentPostprocessing = 0;
			shellPath = /bin/sh;
			shellScript = "diff \"${PODS_PODFILE_DIR_PATH}/Podfile.lock\" \"${PODS_ROOT}/Manifest.lock\" > /dev/null\nif [ $? != 0 ] ; then\n    # print error to STDERR\n    echo \"error: The sandbox is not in sync with the Podfile.lock. Run 'pod install' or update your CocoaPods installation.\" >&2\n    exit 1\nfi\n# This output is used by Xcode 'outputs' to avoid re-running this script phase.\necho \"SUCCESS\" > \"${SCRIPT_OUTPUT_FILE_0}\"\n";
			showEnvVarsInLog = 0;
		};
/* End PBXShellScriptBuildPhase section */

/* Begin PBXSourcesBuildPhase section */
		D55C82A823742D2500D8C78F /* Sources */ = {
			isa = PBXSourcesBuildPhase;
			buildActionMask = 2147483647;
			files = (
				D55C82EB2374342E00D8C78F /* MusicPresenter.swift in Sources */,
				0AEC323623757D7500159117 /* PlayerModel.swift in Sources */,
				0A0443912379396500393652 /* HTTPClient.swift in Sources */,
				0A483370237AC35E0094CA84 /* Ping.swift in Sources */,
				0A2BA6BE238279A3007F630E /* KeychainManager.swift in Sources */,
				0A48336D237AC35E0094CA84 /* ICMPHeader.swift in Sources */,
				0A04439923793D2000393652 /* MusicDelegate.swift in Sources */,
				0A483376237AC35F0094CA84 /* PingManager.swift in Sources */,
				0AEC32342375617F00159117 /* PlayPresenter.swift in Sources */,
				0A483373237AC35E0094CA84 /* PingResult.swift in Sources */,
				0AEC32202375015300159117 /* MyTableViewCell.swift in Sources */,
				0A04438E2379396500393652 /* Presenter.swift in Sources */,
				D55C82B423742D2500D8C78F /* ViewController.swift in Sources */,
				D55C82B023742D2500D8C78F /* AppDelegate.swift in Sources */,
				0AA6E407237E4E470081CBDC /* SerchViewController.swift in Sources */,
				0A2BA6C4238294B5007F630E /* ThreeMusic.xcdatamodeld in Sources */,
				D55C82E723742ED700D8C78F /* MusicModel.swift in Sources */,
				0A04438B2379396500393652 /* HTTPResponProtocol.swift in Sources */,
				D55C82B223742D2500D8C78F /* SceneDelegate.swift in Sources */,
			);
			runOnlyForDeploymentPostprocessing = 0;
		};
		D55C82C123742D2700D8C78F /* Sources */ = {
			isa = PBXSourcesBuildPhase;
			buildActionMask = 2147483647;
			files = (
				0A48336E237AC35E0094CA84 /* ICMPHeader.swift in Sources */,
				0A04438F2379396500393652 /* Presenter.swift in Sources */,
				0A04438C2379396500393652 /* HTTPResponProtocol.swift in Sources */,
				0A483371237AC35E0094CA84 /* Ping.swift in Sources */,
				0A0443922379396500393652 /* HTTPClient.swift in Sources */,
				0AA6E408237E4E470081CBDC /* SerchViewController.swift in Sources */,
				0A483377237AC35F0094CA84 /* PingManager.swift in Sources */,
				D55C82CA23742D2700D8C78F /* ThreeMusicTests.swift in Sources */,
				0A483374237AC35E0094CA84 /* PingResult.swift in Sources */,
			);
			runOnlyForDeploymentPostprocessing = 0;
		};
		D55C82CC23742D2700D8C78F /* Sources */ = {
			isa = PBXSourcesBuildPhase;
			buildActionMask = 2147483647;
			files = (
				0A48336F237AC35E0094CA84 /* ICMPHeader.swift in Sources */,
				0A0443902379396500393652 /* Presenter.swift in Sources */,
				0A04438D2379396500393652 /* HTTPResponProtocol.swift in Sources */,
				0A483372237AC35E0094CA84 /* Ping.swift in Sources */,
				0A0443932379396500393652 /* HTTPClient.swift in Sources */,
				0AA6E409237E4E470081CBDC /* SerchViewController.swift in Sources */,
				0A483378237AC35F0094CA84 /* PingManager.swift in Sources */,
				D55C82D523742D2700D8C78F /* ThreeMusicUITests.swift in Sources */,
				0A483375237AC35E0094CA84 /* PingResult.swift in Sources */,
			);
			runOnlyForDeploymentPostprocessing = 0;
		};
/* End PBXSourcesBuildPhase section */

/* Begin PBXTargetDependency section */
		D55C82C723742D2700D8C78F /* PBXTargetDependency */ = {
			isa = PBXTargetDependency;
			target = D55C82AB23742D2500D8C78F /* ThreeMusic */;
			targetProxy = D55C82C623742D2700D8C78F /* PBXContainerItemProxy */;
		};
		D55C82D223742D2700D8C78F /* PBXTargetDependency */ = {
			isa = PBXTargetDependency;
			target = D55C82AB23742D2500D8C78F /* ThreeMusic */;
			targetProxy = D55C82D123742D2700D8C78F /* PBXContainerItemProxy */;
		};
/* End PBXTargetDependency section */

/* Begin PBXVariantGroup section */
		D55C82B523742D2500D8C78F /* Main.storyboard */ = {
			isa = PBXVariantGroup;
			children = (
				D55C82B623742D2500D8C78F /* Base */,
			);
			name = Main.storyboard;
			sourceTree = "<group>";
		};
		D55C82BD23742D2700D8C78F /* LaunchScreen.storyboard */ = {
			isa = PBXVariantGroup;
			children = (
				D55C82BE23742D2700D8C78F /* Base */,
			);
			name = LaunchScreen.storyboard;
			sourceTree = "<group>";
		};
/* End PBXVariantGroup section */

/* Begin XCBuildConfiguration section */
		D55C82D723742D2700D8C78F /* Debug */ = {
			isa = XCBuildConfiguration;
			buildSettings = {
				ALWAYS_SEARCH_USER_PATHS = NO;
				CLANG_ANALYZER_NONNULL = YES;
				CLANG_ANALYZER_NUMBER_OBJECT_CONVERSION = YES_AGGRESSIVE;
				CLANG_CXX_LANGUAGE_STANDARD = "gnu++14";
				CLANG_CXX_LIBRARY = "libc++";
				CLANG_ENABLE_MODULES = YES;
				CLANG_ENABLE_OBJC_ARC = YES;
				CLANG_ENABLE_OBJC_WEAK = YES;
				CLANG_WARN_BLOCK_CAPTURE_AUTORELEASING = YES;
				CLANG_WARN_BOOL_CONVERSION = YES;
				CLANG_WARN_COMMA = YES;
				CLANG_WARN_CONSTANT_CONVERSION = YES;
				CLANG_WARN_DEPRECATED_OBJC_IMPLEMENTATIONS = YES;
				CLANG_WARN_DIRECT_OBJC_ISA_USAGE = YES_ERROR;
				CLANG_WARN_DOCUMENTATION_COMMENTS = YES;
				CLANG_WARN_EMPTY_BODY = YES;
				CLANG_WARN_ENUM_CONVERSION = YES;
				CLANG_WARN_INFINITE_RECURSION = YES;
				CLANG_WARN_INT_CONVERSION = YES;
				CLANG_WARN_NON_LITERAL_NULL_CONVERSION = YES;
				CLANG_WARN_OBJC_IMPLICIT_RETAIN_SELF = YES;
				CLANG_WARN_OBJC_LITERAL_CONVERSION = YES;
				CLANG_WARN_OBJC_ROOT_CLASS = YES_ERROR;
				CLANG_WARN_RANGE_LOOP_ANALYSIS = YES;
				CLANG_WARN_STRICT_PROTOTYPES = YES;
				CLANG_WARN_SUSPICIOUS_MOVE = YES;
				CLANG_WARN_UNGUARDED_AVAILABILITY = YES_AGGRESSIVE;
				CLANG_WARN_UNREACHABLE_CODE = YES;
				CLANG_WARN__DUPLICATE_METHOD_MATCH = YES;
				COPY_PHASE_STRIP = NO;
				DEBUG_INFORMATION_FORMAT = dwarf;
				ENABLE_STRICT_OBJC_MSGSEND = YES;
				ENABLE_TESTABILITY = YES;
				GCC_C_LANGUAGE_STANDARD = gnu11;
				GCC_DYNAMIC_NO_PIC = NO;
				GCC_NO_COMMON_BLOCKS = YES;
				GCC_OPTIMIZATION_LEVEL = 0;
				GCC_PREPROCESSOR_DEFINITIONS = (
					"DEBUG=1",
					"$(inherited)",
				);
				GCC_WARN_64_TO_32_BIT_CONVERSION = YES;
				GCC_WARN_ABOUT_RETURN_TYPE = YES_ERROR;
				GCC_WARN_UNDECLARED_SELECTOR = YES;
				GCC_WARN_UNINITIALIZED_AUTOS = YES_AGGRESSIVE;
				GCC_WARN_UNUSED_FUNCTION = YES;
				GCC_WARN_UNUSED_VARIABLE = YES;
				IPHONEOS_DEPLOYMENT_TARGET = 13.1;
				MTL_ENABLE_DEBUG_INFO = INCLUDE_SOURCE;
				MTL_FAST_MATH = YES;
				ONLY_ACTIVE_ARCH = YES;
				SDKROOT = iphoneos;
				SWIFT_ACTIVE_COMPILATION_CONDITIONS = DEBUG;
				SWIFT_OPTIMIZATION_LEVEL = "-Onone";
			};
			name = Debug;
		};
		D55C82D823742D2700D8C78F /* Release */ = {
			isa = XCBuildConfiguration;
			buildSettings = {
				ALWAYS_SEARCH_USER_PATHS = NO;
				CLANG_ANALYZER_NONNULL = YES;
				CLANG_ANALYZER_NUMBER_OBJECT_CONVERSION = YES_AGGRESSIVE;
				CLANG_CXX_LANGUAGE_STANDARD = "gnu++14";
				CLANG_CXX_LIBRARY = "libc++";
				CLANG_ENABLE_MODULES = YES;
				CLANG_ENABLE_OBJC_ARC = YES;
				CLANG_ENABLE_OBJC_WEAK = YES;
				CLANG_WARN_BLOCK_CAPTURE_AUTORELEASING = YES;
				CLANG_WARN_BOOL_CONVERSION = YES;
				CLANG_WARN_COMMA = YES;
				CLANG_WARN_CONSTANT_CONVERSION = YES;
				CLANG_WARN_DEPRECATED_OBJC_IMPLEMENTATIONS = YES;
				CLANG_WARN_DIRECT_OBJC_ISA_USAGE = YES_ERROR;
				CLANG_WARN_DOCUMENTATION_COMMENTS = YES;
				CLANG_WARN_EMPTY_BODY = YES;
				CLANG_WARN_ENUM_CONVERSION = YES;
				CLANG_WARN_INFINITE_RECURSION = YES;
				CLANG_WARN_INT_CONVERSION = YES;
				CLANG_WARN_NON_LITERAL_NULL_CONVERSION = YES;
				CLANG_WARN_OBJC_IMPLICIT_RETAIN_SELF = YES;
				CLANG_WARN_OBJC_LITERAL_CONVERSION = YES;
				CLANG_WARN_OBJC_ROOT_CLASS = YES_ERROR;
				CLANG_WARN_RANGE_LOOP_ANALYSIS = YES;
				CLANG_WARN_STRICT_PROTOTYPES = YES;
				CLANG_WARN_SUSPICIOUS_MOVE = YES;
				CLANG_WARN_UNGUARDED_AVAILABILITY = YES_AGGRESSIVE;
				CLANG_WARN_UNREACHABLE_CODE = YES;
				CLANG_WARN__DUPLICATE_METHOD_MATCH = YES;
				COPY_PHASE_STRIP = NO;
				DEBUG_INFORMATION_FORMAT = "dwarf-with-dsym";
				ENABLE_NS_ASSERTIONS = NO;
				ENABLE_STRICT_OBJC_MSGSEND = YES;
				GCC_C_LANGUAGE_STANDARD = gnu11;
				GCC_NO_COMMON_BLOCKS = YES;
				GCC_WARN_64_TO_32_BIT_CONVERSION = YES;
				GCC_WARN_ABOUT_RETURN_TYPE = YES_ERROR;
				GCC_WARN_UNDECLARED_SELECTOR = YES;
				GCC_WARN_UNINITIALIZED_AUTOS = YES_AGGRESSIVE;
				GCC_WARN_UNUSED_FUNCTION = YES;
				GCC_WARN_UNUSED_VARIABLE = YES;
				IPHONEOS_DEPLOYMENT_TARGET = 13.1;
				MTL_ENABLE_DEBUG_INFO = NO;
				MTL_FAST_MATH = YES;
				SDKROOT = iphoneos;
				SWIFT_COMPILATION_MODE = wholemodule;
				SWIFT_OPTIMIZATION_LEVEL = "-O";
				VALIDATE_PRODUCT = YES;
			};
			name = Release;
		};
		D55C82DA23742D2700D8C78F /* Debug */ = {
			isa = XCBuildConfiguration;
			baseConfigurationReference = A0316D6C50AD77E3A836A35C /* Pods-ThreeMusic.debug.xcconfig */;
			buildSettings = {
				ASSETCATALOG_COMPILER_APPICON_NAME = AppIcon;
				CODE_SIGN_STYLE = Automatic;
				INFOPLIST_FILE = ThreeMusic/Info.plist;
				LD_RUNPATH_SEARCH_PATHS = (
					"$(inherited)",
					"@executable_path/Frameworks",
				);
				PRODUCT_BUNDLE_IDENTIFIER = M800.ThreeMusic;
				PRODUCT_NAME = "$(TARGET_NAME)";
				SWIFT_VERSION = 5.0;
				TARGETED_DEVICE_FAMILY = "1,2";
			};
			name = Debug;
		};
		D55C82DB23742D2700D8C78F /* Release */ = {
			isa = XCBuildConfiguration;
			baseConfigurationReference = 62825E5F3C6F5290E53AED10 /* Pods-ThreeMusic.release.xcconfig */;
			buildSettings = {
				ASSETCATALOG_COMPILER_APPICON_NAME = AppIcon;
				CODE_SIGN_STYLE = Automatic;
				INFOPLIST_FILE = ThreeMusic/Info.plist;
				LD_RUNPATH_SEARCH_PATHS = (
					"$(inherited)",
					"@executable_path/Frameworks",
				);
				PRODUCT_BUNDLE_IDENTIFIER = M800.ThreeMusic;
				PRODUCT_NAME = "$(TARGET_NAME)";
				SWIFT_VERSION = 5.0;
				TARGETED_DEVICE_FAMILY = "1,2";
			};
			name = Release;
		};
		D55C82DD23742D2700D8C78F /* Debug */ = {
			isa = XCBuildConfiguration;
			baseConfigurationReference = B4FCDFE0DE08F91D7BBBFDA2 /* Pods-ThreeMusicTests.debug.xcconfig */;
			buildSettings = {
				ALWAYS_EMBED_SWIFT_STANDARD_LIBRARIES = YES;
				BUNDLE_LOADER = "$(TEST_HOST)";
				CODE_SIGN_STYLE = Automatic;
				INFOPLIST_FILE = ThreeMusicTests/Info.plist;
				IPHONEOS_DEPLOYMENT_TARGET = 13.1;
				LD_RUNPATH_SEARCH_PATHS = (
					"$(inherited)",
					"@executable_path/Frameworks",
					"@loader_path/Frameworks",
				);
				PRODUCT_BUNDLE_IDENTIFIER = M800.ThreeMusicTests;
				PRODUCT_NAME = "$(TARGET_NAME)";
				SWIFT_VERSION = 5.0;
				TARGETED_DEVICE_FAMILY = "1,2";
				TEST_HOST = "$(BUILT_PRODUCTS_DIR)/ThreeMusic.app/ThreeMusic";
			};
			name = Debug;
		};
		D55C82DE23742D2700D8C78F /* Release */ = {
			isa = XCBuildConfiguration;
			baseConfigurationReference = 2A28231633FAC6FF7370EDA5 /* Pods-ThreeMusicTests.release.xcconfig */;
			buildSettings = {
				ALWAYS_EMBED_SWIFT_STANDARD_LIBRARIES = YES;
				BUNDLE_LOADER = "$(TEST_HOST)";
				CODE_SIGN_STYLE = Automatic;
				INFOPLIST_FILE = ThreeMusicTests/Info.plist;
				IPHONEOS_DEPLOYMENT_TARGET = 13.1;
				LD_RUNPATH_SEARCH_PATHS = (
					"$(inherited)",
					"@executable_path/Frameworks",
					"@loader_path/Frameworks",
				);
				PRODUCT_BUNDLE_IDENTIFIER = M800.ThreeMusicTests;
				PRODUCT_NAME = "$(TARGET_NAME)";
				SWIFT_VERSION = 5.0;
				TARGETED_DEVICE_FAMILY = "1,2";
				TEST_HOST = "$(BUILT_PRODUCTS_DIR)/ThreeMusic.app/ThreeMusic";
			};
			name = Release;
		};
		D55C82E023742D2700D8C78F /* Debug */ = {
			isa = XCBuildConfiguration;
			baseConfigurationReference = 14E60ADA15EC99204CD22684 /* Pods-ThreeMusic-ThreeMusicUITests.debug.xcconfig */;
			buildSettings = {
				ALWAYS_EMBED_SWIFT_STANDARD_LIBRARIES = YES;
				CODE_SIGN_STYLE = Automatic;
				INFOPLIST_FILE = ThreeMusicUITests/Info.plist;
				LD_RUNPATH_SEARCH_PATHS = (
					"$(inherited)",
					"@executable_path/Frameworks",
					"@loader_path/Frameworks",
				);
				PRODUCT_BUNDLE_IDENTIFIER = M800.ThreeMusicUITests;
				PRODUCT_NAME = "$(TARGET_NAME)";
				SWIFT_VERSION = 5.0;
				TARGETED_DEVICE_FAMILY = "1,2";
				TEST_TARGET_NAME = ThreeMusic;
			};
			name = Debug;
		};
		D55C82E123742D2700D8C78F /* Release */ = {
			isa = XCBuildConfiguration;
			baseConfigurationReference = 9795E6210ADD577A48AB154F /* Pods-ThreeMusic-ThreeMusicUITests.release.xcconfig */;
			buildSettings = {
				ALWAYS_EMBED_SWIFT_STANDARD_LIBRARIES = YES;
				CODE_SIGN_STYLE = Automatic;
				INFOPLIST_FILE = ThreeMusicUITests/Info.plist;
				LD_RUNPATH_SEARCH_PATHS = (
					"$(inherited)",
					"@executable_path/Frameworks",
					"@loader_path/Frameworks",
				);
				PRODUCT_BUNDLE_IDENTIFIER = M800.ThreeMusicUITests;
				PRODUCT_NAME = "$(TARGET_NAME)";
				SWIFT_VERSION = 5.0;
				TARGETED_DEVICE_FAMILY = "1,2";
				TEST_TARGET_NAME = ThreeMusic;
			};
			name = Release;
		};
/* End XCBuildConfiguration section */

/* Begin XCConfigurationList section */
		D55C82A723742D2500D8C78F /* Build configuration list for PBXProject "ThreeMusic" */ = {
			isa = XCConfigurationList;
			buildConfigurations = (
				D55C82D723742D2700D8C78F /* Debug */,
				D55C82D823742D2700D8C78F /* Release */,
			);
			defaultConfigurationIsVisible = 0;
			defaultConfigurationName = Release;
		};
		D55C82D923742D2700D8C78F /* Build configuration list for PBXNativeTarget "ThreeMusic" */ = {
			isa = XCConfigurationList;
			buildConfigurations = (
				D55C82DA23742D2700D8C78F /* Debug */,
				D55C82DB23742D2700D8C78F /* Release */,
			);
			defaultConfigurationIsVisible = 0;
			defaultConfigurationName = Release;
		};
		D55C82DC23742D2700D8C78F /* Build configuration list for PBXNativeTarget "ThreeMusicTests" */ = {
			isa = XCConfigurationList;
			buildConfigurations = (
				D55C82DD23742D2700D8C78F /* Debug */,
				D55C82DE23742D2700D8C78F /* Release */,
			);
			defaultConfigurationIsVisible = 0;
			defaultConfigurationName = Release;
		};
		D55C82DF23742D2700D8C78F /* Build configuration list for PBXNativeTarget "ThreeMusicUITests" */ = {
			isa = XCConfigurationList;
			buildConfigurations = (
				D55C82E023742D2700D8C78F /* Debug */,
				D55C82E123742D2700D8C78F /* Release */,
			);
			defaultConfigurationIsVisible = 0;
			defaultConfigurationName = Release;
		};
/* End XCConfigurationList section */

/* Begin XCVersionGroup section */
		0A2BA6C2238294B5007F630E /* ThreeMusic.xcdatamodeld */ = {
			isa = XCVersionGroup;
			children = (
				0A2BA6C3238294B5007F630E /* ThreeMusic.xcdatamodel */,
			);
			currentVersion = 0A2BA6C3238294B5007F630E /* ThreeMusic.xcdatamodel */;
			path = ThreeMusic.xcdatamodeld;
			sourceTree = "<group>";
			versionGroupType = wrapper.xcdatamodel;
		};
/* End XCVersionGroup section */
	};
	rootObject = D55C82A423742D2500D8C78F /* Project object */;
}
